
Microsoft Visual Studio Solution File, Format Version 12.00
# Visual Studio Version 16
VisualStudioVersion = 16.0.31105.61
MinimumVisualStudioVersion = 10.0.40219.1
Project("{FAE04EC0-301F-11D3-BF4B-00C04F79EFBC}") = "GameOfLife", "GameOfLife\GameOfLife.csproj", "{C4C16336-3F1B-45A6-82A3-A4AD13AFFB09}"
EndProject
Global
	GlobalSection(SolutionConfigurationPlatforms) = preSolution
		Debug|Any CPU = Debug|Any CPU
		Release|Any CPU = Release|Any CPU
	EndGlobalSection
	GlobalSection(ProjectConfigurationPlatforms) = postSolution
		{C4C16336-3F1B-45A6-82A3-A4AD13AFFB09}.Debug|Any CPU.ActiveCfg = Debug|Any CPU
		{C4C16336-3F1B-45A6-82A3-A4AD13AFFB09}.Debug|Any CPU.Build.0 = Debug|Any CPU
		{C4C16336-3F1B-45A6-82A3-A4AD13AFFB09}.Release|Any CPU.ActiveCfg = Release|Any CPU
		{C4C16336-3F1B-45A6-82A3-A4AD13AFFB09}.Release|Any CPU.Build.0 = Release|Any CPU
	EndGlobalSection
	GlobalSection(SolutionProperties) = preSolution
		HideSolutionNode = FALSE
	EndGlobalSection
	GlobalSection(ExtensibilityGlobals) = postSolution
		SolutionGuid = {500ABDDE-F79B-418D-A29E-F96B4F72D196}
	EndGlobalSection
EndGlobal
